// !$*UTF8*$!
{
	archiveVersion = 1;
	classes = {
	};
	objectVersion = 50;
	objects = {

/* Begin PBXBuildFile section */
		B4DA5029FEDD74DE61228C00 /* libPods-动画的探究.a in Frameworks */ = {isa = PBXBuildFile; fileRef = 29E88106269F4C77582BF9F3 /* libPods-动画的探究.a */; };
		B622003B2539B57800571E08 /* SeventhViewController.m in Sources */ = {isa = PBXBuildFile; fileRef = B622003A2539B57800571E08 /* SeventhViewController.m */; };
		B6873B9A2537EF480010D42B /* PresentingAnimationController.m in Sources */ = {isa = PBXBuildFile; fileRef = B6873B992537EF480010D42B /* PresentingAnimationController.m */; };
		B6873B9D2537F53F0010D42B /* DismissingAnimationController.m in Sources */ = {isa = PBXBuildFile; fileRef = B6873B9C2537F53F0010D42B /* DismissingAnimationController.m */; };
		B6873BA0253864C10010D42B /* FifthViewController.m in Sources */ = {isa = PBXBuildFile; fileRef = B6873B9F253864C10010D42B /* FifthViewController.m */; };
		B6873BA3253865EA0010D42B /* CustomPushViewController.m in Sources */ = {isa = PBXBuildFile; fileRef = B6873BA2253865EA0010D42B /* CustomPushViewController.m */; };
		B6873BA62539359C0010D42B /* PushAnimationController.m in Sources */ = {isa = PBXBuildFile; fileRef = B6873BA52539359C0010D42B /* PushAnimationController.m */; };
		B6873BA92539366A0010D42B /* PushInteractiveViewController.m in Sources */ = {isa = PBXBuildFile; fileRef = B6873BA82539366A0010D42B /* PushInteractiveViewController.m */; };
		B6873BAC25393ED80010D42B /* SixthViewController.m in Sources */ = {isa = PBXBuildFile; fileRef = B6873BAB25393ED80010D42B /* SixthViewController.m */; };
		B690450A2533F8F40056CA2A /* AppDelegate.m in Sources */ = {isa = PBXBuildFile; fileRef = B69045092533F8F40056CA2A /* AppDelegate.m */; };
		B69045152533F8FC0056CA2A /* Assets.xcassets in Resources */ = {isa = PBXBuildFile; fileRef = B69045142533F8FC0056CA2A /* Assets.xcassets */; };
		B69045182533F8FC0056CA2A /* LaunchScreen.storyboard in Resources */ = {isa = PBXBuildFile; fileRef = B69045162533F8FC0056CA2A /* LaunchScreen.storyboard */; };
		B690451B2533F8FC0056CA2A /* main.m in Sources */ = {isa = PBXBuildFile; fileRef = B690451A2533F8FC0056CA2A /* main.m */; };
		B69045232533F95C0056CA2A /* FirstViewController.m in Sources */ = {isa = PBXBuildFile; fileRef = B69045222533F95C0056CA2A /* FirstViewController.m */; };
		B69045262533F9A70056CA2A /* MainViewController.m in Sources */ = {isa = PBXBuildFile; fileRef = B69045252533F9A70056CA2A /* MainViewController.m */; };
		B69045292533FD060056CA2A /* SecondViewController.m in Sources */ = {isa = PBXBuildFile; fileRef = B69045282533FD060056CA2A /* SecondViewController.m */; };
		B69DF4F0255148CB00D161BF /* NinthViewController.m in Sources */ = {isa = PBXBuildFile; fileRef = B69DF4EF255148CB00D161BF /* NinthViewController.m */; };
		B69DF4F4255149F000D161BF /* CustomPopGestureViewController.m in Sources */ = {isa = PBXBuildFile; fileRef = B69DF4F3255149F000D161BF /* CustomPopGestureViewController.m */; };
		B6CC4D562535889700C28BB7 /* AlertView.m in Sources */ = {isa = PBXBuildFile; fileRef = B6CC4D552535889700C28BB7 /* AlertView.m */; };
		B6CC4D592535ADC900C28BB7 /* ThirdViewController.m in Sources */ = {isa = PBXBuildFile; fileRef = B6CC4D582535ADC900C28BB7 /* ThirdViewController.m */; };
		B6CC4D5C2535B26600C28BB7 /* ExampleCell.m in Sources */ = {isa = PBXBuildFile; fileRef = B6CC4D5B2535B26600C28BB7 /* ExampleCell.m */; };
		B6CC4D5F253699C900C28BB7 /* FourthViewController.m in Sources */ = {isa = PBXBuildFile; fileRef = B6CC4D5E253699C900C28BB7 /* FourthViewController.m */; };
		B6CC4D6D2537E3D900C28BB7 /* CustomVCTransitionViewController.m in Sources */ = {isa = PBXBuildFile; fileRef = B6CC4D6C2537E3D800C28BB7 /* CustomVCTransitionViewController.m */; };
		B6CC4D702537E3EE00C28BB7 /* CustomModalViewController.m in Sources */ = {isa = PBXBuildFile; fileRef = B6CC4D6F2537E3EE00C28BB7 /* CustomModalViewController.m */; };
		B6F32E26254FFB5E009DC430 /* EighthViewController.m in Sources */ = {isa = PBXBuildFile; fileRef = B6F32E25254FFB5E009DC430 /* EighthViewController.m */; };
/* End PBXBuildFile section */

/* Begin PBXFileReference section */
		29E88106269F4C77582BF9F3 /* libPods-动画的探究.a */ = {isa = PBXFileReference; explicitFileType = archive.ar; includeInIndex = 0; path = "libPods-动画的探究.a"; sourceTree = BUILT_PRODUCTS_DIR; };
		63F48B04B1E97E03BB1D30A2 /* Pods-动画的探究.debug.xcconfig */ = {isa = PBXFileReference; includeInIndex = 1; lastKnownFileType = text.xcconfig; name = "Pods-动画的探究.debug.xcconfig"; path = "Target Support Files/Pods-动画的探究/Pods-动画的探究.debug.xcconfig"; sourceTree = "<group>"; };
		B62200392539B57800571E08 /* SeventhViewController.h */ = {isa = PBXFileReference; lastKnownFileType = sourcecode.c.h; path = SeventhViewController.h; sourceTree = "<group>"; };
		B622003A2539B57800571E08 /* SeventhViewController.m */ = {isa = PBXFileReference; lastKnownFileType = sourcecode.c.objc; path = SeventhViewController.m; sourceTree = "<group>"; };
		B6873B982537EF480010D42B /* PresentingAnimationController.h */ = {isa = PBXFileReference; lastKnownFileType = sourcecode.c.h; path = PresentingAnimationController.h; sourceTree = "<group>"; };
		B6873B992537EF480010D42B /* PresentingAnimationController.m */ = {isa = PBXFileReference; lastKnownFileType = sourcecode.c.objc; path = PresentingAnimationController.m; sourceTree = "<group>"; };
		B6873B9B2537F53F0010D42B /* DismissingAnimationController.h */ = {isa = PBXFileReference; lastKnownFileType = sourcecode.c.h; path = DismissingAnimationController.h; sourceTree = "<group>"; };
		B6873B9C2537F53F0010D42B /* DismissingAnimationController.m */ = {isa = PBXFileReference; lastKnownFileType = sourcecode.c.objc; path = DismissingAnimationController.m; sourceTree = "<group>"; };
		B6873B9E253864C10010D42B /* FifthViewController.h */ = {isa = PBXFileReference; lastKnownFileType = sourcecode.c.h; path = FifthViewController.h; sourceTree = "<group>"; };
		B6873B9F253864C10010D42B /* FifthViewController.m */ = {isa = PBXFileReference; lastKnownFileType = sourcecode.c.objc; path = FifthViewController.m; sourceTree = "<group>"; };
		B6873BA1253865EA0010D42B /* CustomPushViewController.h */ = {isa = PBXFileReference; lastKnownFileType = sourcecode.c.h; path = CustomPushViewController.h; sourceTree = "<group>"; };
		B6873BA2253865EA0010D42B /* CustomPushViewController.m */ = {isa = PBXFileReference; lastKnownFileType = sourcecode.c.objc; path = CustomPushViewController.m; sourceTree = "<group>"; };
		B6873BA42539359C0010D42B /* PushAnimationController.h */ = {isa = PBXFileReference; lastKnownFileType = sourcecode.c.h; path = PushAnimationController.h; sourceTree = "<group>"; };
		B6873BA52539359C0010D42B /* PushAnimationController.m */ = {isa = PBXFileReference; lastKnownFileType = sourcecode.c.objc; path = PushAnimationController.m; sourceTree = "<group>"; };
		B6873BA72539366A0010D42B /* PushInteractiveViewController.h */ = {isa = PBXFileReference; lastKnownFileType = sourcecode.c.h; path = PushInteractiveViewController.h; sourceTree = "<group>"; };
		B6873BA82539366A0010D42B /* PushInteractiveViewController.m */ = {isa = PBXFileReference; lastKnownFileType = sourcecode.c.objc; path = PushInteractiveViewController.m; sourceTree = "<group>"; };
		B6873BAA25393ED80010D42B /* SixthViewController.h */ = {isa = PBXFileReference; lastKnownFileType = sourcecode.c.h; path = SixthViewController.h; sourceTree = "<group>"; };
		B6873BAB25393ED80010D42B /* SixthViewController.m */ = {isa = PBXFileReference; lastKnownFileType = sourcecode.c.objc; path = SixthViewController.m; sourceTree = "<group>"; };
		B69045052533F8F40056CA2A /* 动画的探究.app */ = {isa = PBXFileReference; explicitFileType = wrapper.application; includeInIndex = 0; path = "动画的探究.app"; sourceTree = BUILT_PRODUCTS_DIR; };
		B69045082533F8F40056CA2A /* AppDelegate.h */ = {isa = PBXFileReference; lastKnownFileType = sourcecode.c.h; path = AppDelegate.h; sourceTree = "<group>"; };
		B69045092533F8F40056CA2A /* AppDelegate.m */ = {isa = PBXFileReference; lastKnownFileType = sourcecode.c.objc; path = AppDelegate.m; sourceTree = "<group>"; };
		B69045142533F8FC0056CA2A /* Assets.xcassets */ = {isa = PBXFileReference; lastKnownFileType = folder.assetcatalog; path = Assets.xcassets; sourceTree = "<group>"; };
		B69045172533F8FC0056CA2A /* Base */ = {isa = PBXFileReference; lastKnownFileType = file.storyboard; name = Base; path = Base.lproj/LaunchScreen.storyboard; sourceTree = "<group>"; };
		B69045192533F8FC0056CA2A /* Info.plist */ = {isa = PBXFileReference; lastKnownFileType = text.plist.xml; path = Info.plist; sourceTree = "<group>"; };
		B690451A2533F8FC0056CA2A /* main.m */ = {isa = PBXFileReference; lastKnownFileType = sourcecode.c.objc; path = main.m; sourceTree = "<group>"; };
		B69045212533F95C0056CA2A /* FirstViewController.h */ = {isa = PBXFileReference; lastKnownFileType = sourcecode.c.h; path = FirstViewController.h; sourceTree = "<group>"; };
		B69045222533F95C0056CA2A /* FirstViewController.m */ = {isa = PBXFileReference; lastKnownFileType = sourcecode.c.objc; path = FirstViewController.m; sourceTree = "<group>"; };
		B69045242533F9A70056CA2A /* MainViewController.h */ = {isa = PBXFileReference; lastKnownFileType = sourcecode.c.h; path = MainViewController.h; sourceTree = "<group>"; };
		B69045252533F9A70056CA2A /* MainViewController.m */ = {isa = PBXFileReference; lastKnownFileType = sourcecode.c.objc; path = MainViewController.m; sourceTree = "<group>"; };
		B69045272533FD060056CA2A /* SecondViewController.h */ = {isa = PBXFileReference; lastKnownFileType = sourcecode.c.h; path = SecondViewController.h; sourceTree = "<group>"; };
		B69045282533FD060056CA2A /* SecondViewController.m */ = {isa = PBXFileReference; lastKnownFileType = sourcecode.c.objc; path = SecondViewController.m; sourceTree = "<group>"; };
		B69DF4EE255148CB00D161BF /* NinthViewController.h */ = {isa = PBXFileReference; lastKnownFileType = sourcecode.c.h; path = NinthViewController.h; sourceTree = "<group>"; };
		B69DF4EF255148CB00D161BF /* NinthViewController.m */ = {isa = PBXFileReference; lastKnownFileType = sourcecode.c.objc; path = NinthViewController.m; sourceTree = "<group>"; };
		B69DF4F2255149F000D161BF /* CustomPopGestureViewController.h */ = {isa = PBXFileReference; lastKnownFileType = sourcecode.c.h; path = CustomPopGestureViewController.h; sourceTree = "<group>"; };
		B69DF4F3255149F000D161BF /* CustomPopGestureViewController.m */ = {isa = PBXFileReference; lastKnownFileType = sourcecode.c.objc; path = CustomPopGestureViewController.m; sourceTree = "<group>"; };
		B6CC4D542535889700C28BB7 /* AlertView.h */ = {isa = PBXFileReference; lastKnownFileType = sourcecode.c.h; path = AlertView.h; sourceTree = "<group>"; };
		B6CC4D552535889700C28BB7 /* AlertView.m */ = {isa = PBXFileReference; lastKnownFileType = sourcecode.c.objc; path = AlertView.m; sourceTree = "<group>"; };
		B6CC4D572535ADC900C28BB7 /* ThirdViewController.h */ = {isa = PBXFileReference; lastKnownFileType = sourcecode.c.h; path = ThirdViewController.h; sourceTree = "<group>"; };
		B6CC4D582535ADC900C28BB7 /* ThirdViewController.m */ = {isa = PBXFileReference; lastKnownFileType = sourcecode.c.objc; path = ThirdViewController.m; sourceTree = "<group>"; };
		B6CC4D5A2535B26600C28BB7 /* ExampleCell.h */ = {isa = PBXFileReference; lastKnownFileType = sourcecode.c.h; path = ExampleCell.h; sourceTree = "<group>"; };
		B6CC4D5B2535B26600C28BB7 /* ExampleCell.m */ = {isa = PBXFileReference; lastKnownFileType = sourcecode.c.objc; path = ExampleCell.m; sourceTree = "<group>"; };
		B6CC4D5D253699C900C28BB7 /* FourthViewController.h */ = {isa = PBXFileReference; lastKnownFileType = sourcecode.c.h; path = FourthViewController.h; sourceTree = "<group>"; };
		B6CC4D5E253699C900C28BB7 /* FourthViewController.m */ = {isa = PBXFileReference; lastKnownFileType = sourcecode.c.objc; path = FourthViewController.m; sourceTree = "<group>"; };
		B6CC4D6B2537E3D800C28BB7 /* CustomVCTransitionViewController.h */ = {isa = PBXFileReference; lastKnownFileType = sourcecode.c.h; path = CustomVCTransitionViewController.h; sourceTree = "<group>"; };
		B6CC4D6C2537E3D800C28BB7 /* CustomVCTransitionViewController.m */ = {isa = PBXFileReference; lastKnownFileType = sourcecode.c.objc; path = CustomVCTransitionViewController.m; sourceTree = "<group>"; };
		B6CC4D6E2537E3EE00C28BB7 /* CustomModalViewController.h */ = {isa = PBXFileReference; lastKnownFileType = sourcecode.c.h; path = CustomModalViewController.h; sourceTree = "<group>"; };
		B6CC4D6F2537E3EE00C28BB7 /* CustomModalViewController.m */ = {isa = PBXFileReference; lastKnownFileType = sourcecode.c.objc; path = CustomModalViewController.m; sourceTree = "<group>"; };
		B6F32E24254FFB5E009DC430 /* EighthViewController.h */ = {isa = PBXFileReference; lastKnownFileType = sourcecode.c.h; path = EighthViewController.h; sourceTree = "<group>"; };
		B6F32E25254FFB5E009DC430 /* EighthViewController.m */ = {isa = PBXFileReference; lastKnownFileType = sourcecode.c.objc; path = EighthViewController.m; sourceTree = "<group>"; };
		EABD8FFE13828BD6B40155C4 /* Pods-动画的探究.release.xcconfig */ = {isa = PBXFileReference; includeInIndex = 1; lastKnownFileType = text.xcconfig; name = "Pods-动画的探究.release.xcconfig"; path = "Target Support Files/Pods-动画的探究/Pods-动画的探究.release.xcconfig"; sourceTree = "<group>"; };
/* End PBXFileReference section */

/* Begin PBXFrameworksBuildPhase section */
		B69045022533F8F40056CA2A /* Frameworks */ = {
			isa = PBXFrameworksBuildPhase;
			buildActionMask = 2147483647;
			files = (
				B4DA5029FEDD74DE61228C00 /* libPods-动画的探究.a in Frameworks */,
			);
			runOnlyForDeploymentPostprocessing = 0;
		};
/* End PBXFrameworksBuildPhase section */

/* Begin PBXGroup section */
		4BA8D2CE18BA92E9528A8402 /* Pods */ = {
			isa = PBXGroup;
			children = (
				63F48B04B1E97E03BB1D30A2 /* Pods-动画的探究.debug.xcconfig */,
				EABD8FFE13828BD6B40155C4 /* Pods-动画的探究.release.xcconfig */,
			);
			path = Pods;
			sourceTree = "<group>";
		};
		7278C29C74446A1EBC886B10 /* Frameworks */ = {
			isa = PBXGroup;
			children = (
				29E88106269F4C77582BF9F3 /* libPods-动画的探究.a */,
			);
			name = Frameworks;
			sourceTree = "<group>";
		};
		B69044FC2533F8F40056CA2A = {
			isa = PBXGroup;
			children = (
				B69045072533F8F40056CA2A /* 动画的探究 */,
				B69045062533F8F40056CA2A /* Products */,
				4BA8D2CE18BA92E9528A8402 /* Pods */,
				7278C29C74446A1EBC886B10 /* Frameworks */,
			);
			sourceTree = "<group>";
		};
		B69045062533F8F40056CA2A /* Products */ = {
			isa = PBXGroup;
			children = (
				B69045052533F8F40056CA2A /* 动画的探究.app */,
			);
			name = Products;
			sourceTree = "<group>";
		};
		B69045072533F8F40056CA2A /* 动画的探究 */ = {
			isa = PBXGroup;
			children = (
				B69045082533F8F40056CA2A /* AppDelegate.h */,
				B69045092533F8F40056CA2A /* AppDelegate.m */,
				B69045242533F9A70056CA2A /* MainViewController.h */,
				B69045252533F9A70056CA2A /* MainViewController.m */,
				B69045212533F95C0056CA2A /* FirstViewController.h */,
				B69045222533F95C0056CA2A /* FirstViewController.m */,
				B69045272533FD060056CA2A /* SecondViewController.h */,
				B69045282533FD060056CA2A /* SecondViewController.m */,
				B6CC4D542535889700C28BB7 /* AlertView.h */,
				B6CC4D552535889700C28BB7 /* AlertView.m */,
				B6CC4D572535ADC900C28BB7 /* ThirdViewController.h */,
				B6CC4D582535ADC900C28BB7 /* ThirdViewController.m */,
				B6CC4D5D253699C900C28BB7 /* FourthViewController.h */,
				B6CC4D5E253699C900C28BB7 /* FourthViewController.m */,
				B6CC4D5A2535B26600C28BB7 /* ExampleCell.h */,
				B6CC4D5B2535B26600C28BB7 /* ExampleCell.m */,
				B6CC4D6B2537E3D800C28BB7 /* CustomVCTransitionViewController.h */,
				B6CC4D6C2537E3D800C28BB7 /* CustomVCTransitionViewController.m */,
				B6CC4D6E2537E3EE00C28BB7 /* CustomModalViewController.h */,
				B6CC4D6F2537E3EE00C28BB7 /* CustomModalViewController.m */,
				B6873B982537EF480010D42B /* PresentingAnimationController.h */,
				B6873B992537EF480010D42B /* PresentingAnimationController.m */,
				B6873B9B2537F53F0010D42B /* DismissingAnimationController.h */,
				B6873B9C2537F53F0010D42B /* DismissingAnimationController.m */,
				B6873B9E253864C10010D42B /* FifthViewController.h */,
				B6873B9F253864C10010D42B /* FifthViewController.m */,
				B6873BA1253865EA0010D42B /* CustomPushViewController.h */,
				B6873BA2253865EA0010D42B /* CustomPushViewController.m */,
				B6873BA72539366A0010D42B /* PushInteractiveViewController.h */,
				B6873BA82539366A0010D42B /* PushInteractiveViewController.m */,
				B6873BA42539359C0010D42B /* PushAnimationController.h */,
				B6873BA52539359C0010D42B /* PushAnimationController.m */,
				B6873BAA25393ED80010D42B /* SixthViewController.h */,
				B6873BAB25393ED80010D42B /* SixthViewController.m */,
				B62200392539B57800571E08 /* SeventhViewController.h */,
				B622003A2539B57800571E08 /* SeventhViewController.m */,
				B6F32E24254FFB5E009DC430 /* EighthViewController.h */,
				B6F32E25254FFB5E009DC430 /* EighthViewController.m */,
				B69DF4EE255148CB00D161BF /* NinthViewController.h */,
				B69DF4EF255148CB00D161BF /* NinthViewController.m */,
				B69DF4F2255149F000D161BF /* CustomPopGestureViewController.h */,
				B69DF4F3255149F000D161BF /* CustomPopGestureViewController.m */,
				B69045142533F8FC0056CA2A /* Assets.xcassets */,
				B69045162533F8FC0056CA2A /* LaunchScreen.storyboard */,
				B69045192533F8FC0056CA2A /* Info.plist */,
				B690451A2533F8FC0056CA2A /* main.m */,
			);
			path = "动画的探究";
			sourceTree = "<group>";
		};
/* End PBXGroup section */

/* Begin PBXNativeTarget section */
		B69045042533F8F40056CA2A /* 动画的探究 */ = {
			isa = PBXNativeTarget;
			buildConfigurationList = B690451E2533F8FC0056CA2A /* Build configuration list for PBXNativeTarget "动画的探究" */;
			buildPhases = (
				51CC0FC0393F039BFA248F81 /* [CP] Check Pods Manifest.lock */,
				B69045012533F8F40056CA2A /* Sources */,
				B69045022533F8F40056CA2A /* Frameworks */,
				B69045032533F8F40056CA2A /* Resources */,
			);
			buildRules = (
			);
			dependencies = (
			);
			name = "动画的探究";
			productName = "动画的探究";
			productReference = B69045052533F8F40056CA2A /* 动画的探究.app */;
			productType = "com.apple.product-type.application";
		};
/* End PBXNativeTarget section */

/* Begin PBXProject section */
		B69044FD2533F8F40056CA2A /* Project object */ = {
			isa = PBXProject;
			attributes = {
				LastUpgradeCheck = 1100;
				ORGANIZATIONNAME = "许明洋";
				TargetAttributes = {
					B69045042533F8F40056CA2A = {
						CreatedOnToolsVersion = 11.0;
					};
				};
			};
			buildConfigurationList = B69045002533F8F40056CA2A /* Build configuration list for PBXProject "动画的探究" */;
			compatibilityVersion = "Xcode 9.3";
			developmentRegion = en;
			hasScannedForEncodings = 0;
			knownRegions = (
				en,
				Base,
			);
			mainGroup = B69044FC2533F8F40056CA2A;
			productRefGroup = B69045062533F8F40056CA2A /* Products */;
			projectDirPath = "";
			projectRoot = "";
			targets = (
				B69045042533F8F40056CA2A /* 动画的探究 */,
			);
		};
/* End PBXProject section */

/* Begin PBXResourcesBuildPhase section */
		B69045032533F8F40056CA2A /* Resources */ = {
			isa = PBXResourcesBuildPhase;
			buildActionMask = 2147483647;
			files = (
				B69045182533F8FC0056CA2A /* LaunchScreen.storyboard in Resources */,
				B69045152533F8FC0056CA2A /* Assets.xcassets in Resources */,
			);
			runOnlyForDeploymentPostprocessing = 0;
		};
/* End PBXResourcesBuildPhase section */

/* Begin PBXShellScriptBuildPhase section */
		51CC0FC0393F039BFA248F81 /* [CP] Check Pods Manifest.lock */ = {
			isa = PBXShellScriptBuildPhase;
			buildActionMask = 2147483647;
			files = (
			);
			inputFileListPaths = (
			);
			inputPaths = (
				"${PODS_PODFILE_DIR_PATH}/Podfile.lock",
				"${PODS_ROOT}/Manifest.lock",
			);
			name = "[CP] Check Pods Manifest.lock";
			outputFileListPaths = (
			);
			outputPaths = (
				"$(DERIVED_FILE_DIR)/Pods-动画的探究-checkManifestLockResult.txt",
			);
			runOnlyForDeploymentPostprocessing = 0;
			shellPath = /bin/sh;
			shellScript = "diff \"${PODS_PODFILE_DIR_PATH}/Podfile.lock\" \"${PODS_ROOT}/Manifest.lock\" > /dev/null\nif [ $? != 0 ] ; then\n    # print error to STDERR\n    echo \"error: The sandbox is not in sync with the Podfile.lock. Run 'pod install' or update your CocoaPods installation.\" >&2\n    exit 1\nfi\n# This output is used by Xcode 'outputs' to avoid re-running this script phase.\necho \"SUCCESS\" > \"${SCRIPT_OUTPUT_FILE_0}\"\n";
			showEnvVarsInLog = 0;
		};
/* End PBXShellScriptBuildPhase section */

/* Begin PBXSourcesBuildPhase section */
		B69045012533F8F40056CA2A /* Sources */ = {
			isa = PBXSourcesBuildPhase;
			buildActionMask = 2147483647;
			files = (
				B69045292533FD060056CA2A /* SecondViewController.m in Sources */,
				B6CC4D6D2537E3D900C28BB7 /* CustomVCTransitionViewController.m in Sources */,
				B622003B2539B57800571E08 /* SeventhViewController.m in Sources */,
				B6873BA3253865EA0010D42B /* CustomPushViewController.m in Sources */,
				B690450A2533F8F40056CA2A /* AppDelegate.m in Sources */,
				B6CC4D702537E3EE00C28BB7 /* CustomModalViewController.m in Sources */,
				B6873BAC25393ED80010D42B /* SixthViewController.m in Sources */,
				B69DF4F0255148CB00D161BF /* NinthViewController.m in Sources */,
				B690451B2533F8FC0056CA2A /* main.m in Sources */,
				B6873B9A2537EF480010D42B /* PresentingAnimationController.m in Sources */,
				B6F32E26254FFB5E009DC430 /* EighthViewController.m in Sources */,
				B6CC4D562535889700C28BB7 /* AlertView.m in Sources */,
				B6873BA62539359C0010D42B /* PushAnimationController.m in Sources */,
				B6873BA92539366A0010D42B /* PushInteractiveViewController.m in Sources */,
				B69DF4F4255149F000D161BF /* CustomPopGestureViewController.m in Sources */,
				B6CC4D5C2535B26600C28BB7 /* ExampleCell.m in Sources */,
				B69045232533F95C0056CA2A /* FirstViewController.m in Sources */,
				B6CC4D5F253699C900C28BB7 /* FourthViewController.m in Sources */,
				B6873B9D2537F53F0010D42B /* DismissingAnimationController.m in Sources */,
				B69045262533F9A70056CA2A /* MainViewController.m in Sources */,
				B6873BA0253864C10010D42B /* FifthViewController.m in Sources */,
				B6CC4D592535ADC900C28BB7 /* ThirdViewController.m in Sources */,
			);
			runOnlyForDeploymentPostprocessing = 0;
		};
/* End PBXSourcesBuildPhase section */

/* Begin PBXVariantGroup section */
		B69045162533F8FC0056CA2A /* LaunchScreen.storyboard */ = {
			isa = PBXVariantGroup;
			children = (
				B69045172533F8FC0056CA2A /* Base */,
			);
			name = LaunchScreen.storyboard;
			sourceTree = "<group>";
		};
/* End PBXVariantGroup section */

/* Begin XCBuildConfiguration section */
		B690451C2533F8FC0056CA2A /* Debug */ = {
			isa = XCBuildConfiguration;
			buildSettings = {
				ALWAYS_SEARCH_USER_PATHS = NO;
				CLANG_ANALYZER_NONNULL = YES;
				CLANG_ANALYZER_NUMBER_OBJECT_CONVERSION = YES_AGGRESSIVE;
				CLANG_CXX_LANGUAGE_STANDARD = "gnu++14";
				CLANG_CXX_LIBRARY = "libc++";
				CLANG_ENABLE_MODULES = YES;
				CLANG_ENABLE_OBJC_ARC = YES;
				CLANG_ENABLE_OBJC_WEAK = YES;
				CLANG_WARN_BLOCK_CAPTURE_AUTORELEASING = YES;
				CLANG_WARN_BOOL_CONVERSION = YES;
				CLANG_WARN_COMMA = YES;
				CLANG_WARN_CONSTANT_CONVERSION = YES;
				CLANG_WARN_DEPRECATED_OBJC_IMPLEMENTATIONS = YES;
				CLANG_WARN_DIRECT_OBJC_ISA_USAGE = YES_ERROR;
				CLANG_WARN_DOCUMENTATION_COMMENTS = YES;
				CLANG_WARN_EMPTY_BODY = YES;
				CLANG_WARN_ENUM_CONVERSION = YES;
				CLANG_WARN_INFINITE_RECURSION = YES;
				CLANG_WARN_INT_CONVERSION = YES;
				CLANG_WARN_NON_LITERAL_NULL_CONVERSION = YES;
				CLANG_WARN_OBJC_IMPLICIT_RETAIN_SELF = YES;
				CLANG_WARN_OBJC_LITERAL_CONVERSION = YES;
				CLANG_WARN_OBJC_ROOT_CLASS = YES_ERROR;
				CLANG_WARN_RANGE_LOOP_ANALYSIS = YES;
				CLANG_WARN_STRICT_PROTOTYPES = YES;
				CLANG_WARN_SUSPICIOUS_MOVE = YES;
				CLANG_WARN_UNGUARDED_AVAILABILITY = YES_AGGRESSIVE;
				CLANG_WARN_UNREACHABLE_CODE = YES;
				CLANG_WARN__DUPLICATE_METHOD_MATCH = YES;
				COPY_PHASE_STRIP = NO;
				DEBUG_INFORMATION_FORMAT = dwarf;
				ENABLE_STRICT_OBJC_MSGSEND = YES;
				ENABLE_TESTABILITY = YES;
				GCC_C_LANGUAGE_STANDARD = gnu11;
				GCC_DYNAMIC_NO_PIC = NO;
				GCC_NO_COMMON_BLOCKS = YES;
				GCC_OPTIMIZATION_LEVEL = 0;
				GCC_PREPROCESSOR_DEFINITIONS = (
					"DEBUG=1",
					"$(inherited)",
				);
				GCC_WARN_64_TO_32_BIT_CONVERSION = YES;
				GCC_WARN_ABOUT_RETURN_TYPE = YES_ERROR;
				GCC_WARN_UNDECLARED_SELECTOR = YES;
				GCC_WARN_UNINITIALIZED_AUTOS = YES_AGGRESSIVE;
				GCC_WARN_UNUSED_FUNCTION = YES;
				GCC_WARN_UNUSED_VARIABLE = YES;
				IPHONEOS_DEPLOYMENT_TARGET = 13.0;
				MTL_ENABLE_DEBUG_INFO = INCLUDE_SOURCE;
				MTL_FAST_MATH = YES;
				ONLY_ACTIVE_ARCH = YES;
				SDKROOT = iphoneos;
			};
			name = Debug;
		};
		B690451D2533F8FC0056CA2A /* Release */ = {
			isa = XCBuildConfiguration;
			buildSettings = {
				ALWAYS_SEARCH_USER_PATHS = NO;
				CLANG_ANALYZER_NONNULL = YES;
				CLANG_ANALYZER_NUMBER_OBJECT_CONVERSION = YES_AGGRESSIVE;
				CLANG_CXX_LANGUAGE_STANDARD = "gnu++14";
				CLANG_CXX_LIBRARY = "libc++";
				CLANG_ENABLE_MODULES = YES;
				CLANG_ENABLE_OBJC_ARC = YES;
				CLANG_ENABLE_OBJC_WEAK = YES;
				CLANG_WARN_BLOCK_CAPTURE_AUTORELEASING = YES;
				CLANG_WARN_BOOL_CONVERSION = YES;
				CLANG_WARN_COMMA = YES;
				CLANG_WARN_CONSTANT_CONVERSION = YES;
				CLANG_WARN_DEPRECATED_OBJC_IMPLEMENTATIONS = YES;
				CLANG_WARN_DIRECT_OBJC_ISA_USAGE = YES_ERROR;
				CLANG_WARN_DOCUMENTATION_COMMENTS = YES;
				CLANG_WARN_EMPTY_BODY = YES;
				CLANG_WARN_ENUM_CONVERSION = YES;
				CLANG_WARN_INFINITE_RECURSION = YES;
				CLANG_WARN_INT_CONVERSION = YES;
				CLANG_WARN_NON_LITERAL_NULL_CONVERSION = YES;
				CLANG_WARN_OBJC_IMPLICIT_RETAIN_SELF = YES;
				CLANG_WARN_OBJC_LITERAL_CONVERSION = YES;
				CLANG_WARN_OBJC_ROOT_CLASS = YES_ERROR;
				CLANG_WARN_RANGE_LOOP_ANALYSIS = YES;
				CLANG_WARN_STRICT_PROTOTYPES = YES;
				CLANG_WARN_SUSPICIOUS_MOVE = YES;
				CLANG_WARN_UNGUARDED_AVAILABILITY = YES_AGGRESSIVE;
				CLANG_WARN_UNREACHABLE_CODE = YES;
				CLANG_WARN__DUPLICATE_METHOD_MATCH = YES;
				COPY_PHASE_STRIP = NO;
				DEBUG_INFORMATION_FORMAT = "dwarf-with-dsym";
				ENABLE_NS_ASSERTIONS = NO;
				ENABLE_STRICT_OBJC_MSGSEND = YES;
				GCC_C_LANGUAGE_STANDARD = gnu11;
				GCC_NO_COMMON_BLOCKS = YES;
				GCC_WARN_64_TO_32_BIT_CONVERSION = YES;
				GCC_WARN_ABOUT_RETURN_TYPE = YES_ERROR;
				GCC_WARN_UNDECLARED_SELECTOR = YES;
				GCC_WARN_UNINITIALIZED_AUTOS = YES_AGGRESSIVE;
				GCC_WARN_UNUSED_FUNCTION = YES;
				GCC_WARN_UNUSED_VARIABLE = YES;
				IPHONEOS_DEPLOYMENT_TARGET = 13.0;
				MTL_ENABLE_DEBUG_INFO = NO;
				MTL_FAST_MATH = YES;
				SDKROOT = iphoneos;
				VALIDATE_PRODUCT = YES;
			};
			name = Release;
		};
		B690451F2533F8FC0056CA2A /* Debug */ = {
			isa = XCBuildConfiguration;
			baseConfigurationReference = 63F48B04B1E97E03BB1D30A2 /* Pods-动画的探究.debug.xcconfig */;
			buildSettings = {
				ASSETCATALOG_COMPILER_APPICON_NAME = AppIcon;
				CODE_SIGN_STYLE = Automatic;
				DEVELOPMENT_TEAM = NC2M6D7A5Q;
				INFOPLIST_FILE = "动画的探究/Info.plist";
				LD_RUNPATH_SEARCH_PATHS = (
					"$(inherited)",
					"@executable_path/Frameworks",
				);
				PRODUCT_BUNDLE_IDENTIFIER = "com.greatyun.-----";
				PRODUCT_NAME = "$(TARGET_NAME)";
				TARGETED_DEVICE_FAMILY = "1,2";
			};
			name = Debug;
		};
		B69045202533F8FC0056CA2A /* Release */ = {
			isa = XCBuildConfiguration;
			baseConfigurationReference = EABD8FFE13828BD6B40155C4 /* Pods-动画的探究.release.xcconfig */;
			buildSettings = {
				ASSETCATALOG_COMPILER_APPICON_NAME = AppIcon;
				CODE_SIGN_STYLE = Automatic;
				DEVELOPMENT_TEAM = NC2M6D7A5Q;
				INFOPLIST_FILE = "动画的探究/Info.plist";
				LD_RUNPATH_SEARCH_PATHS = (
					"$(inherited)",
					"@executable_path/Frameworks",
				);
				PRODUCT_BUNDLE_IDENTIFIER = "com.greatyun.-----";
				PRODUCT_NAME = "$(TARGET_NAME)";
				TARGETED_DEVICE_FAMILY = "1,2";
			};
			name = Release;
		};
/* End XCBuildConfiguration section */

/* Begin XCConfigurationList section */
		B69045002533F8F40056CA2A /* Build configuration list for PBXProject "动画的探究" */ = {
			isa = XCConfigurationList;
			buildConfigurations = (
				B690451C2533F8FC0056CA2A /* Debug */,
				B690451D2533F8FC0056CA2A /* Release */,
			);
			defaultConfigurationIsVisible = 0;
			defaultConfigurationName = Release;
		};
		B690451E2533F8FC0056CA2A /* Build configuration list for PBXNativeTarget "动画的探究" */ = {
			isa = XCConfigurationList;
			buildConfigurations = (
				B690451F2533F8FC0056CA2A /* Debug */,
				B69045202533F8FC0056CA2A /* Release */,
			);
			defaultConfigurationIsVisible = 0;
			defaultConfigurationName = Release;
		};
/* End XCConfigurationList section */
	};
	rootObject = B69044FD2533F8F40056CA2A /* Project object */;
}
